
Microsoft Visual Studio Solution File, Format Version 12.00
# Visual Studio Version 17
VisualStudioVersion = 17.8.34322.80
MinimumVisualStudioVersion = 10.0.40219.1
Project("{2150E333-8FDC-42A3-9474-1A3956D46DE8}") = "External", "External", "{DDB4EF12-CC4E-5E88-E6FC-71A802F4DE97}"
EndProject
Project("{8BC9CEB8-8B4A-11D0-8D11-00A0C91BC942}") = "GraphTest", "SandBox\GraphTest\GraphTest.vcxproj", "{C83224AB-A16A-493A-BE56-DA03717D6E59}"
	ProjectSection(ProjectDependencies) = postProject
		{07F5AB21-CDBD-4B5B-94D3-6D67DEB5C434} = {07F5AB21-CDBD-4B5B-94D3-6D67DEB5C434}
		{39D95300-064E-4E1D-9D5B-A660AF2E51DA} = {39D95300-064E-4E1D-9D5B-A660AF2E51DA}
		{3D504025-9FB7-4932-A6BE-F1B40EEF6AF9} = {3D504025-9FB7-4932-A6BE-F1B40EEF6AF9}
		{DC6A89A0-20BA-47D4-A230-D6510D3C9583} = {DC6A89A0-20BA-47D4-A230-D6510D3C9583}
	EndProjectSection
EndProject
Project("{8BC9CEB8-8B4A-11D0-8D11-00A0C91BC942}") = "Framework", "External\Framework\Framework.vcxproj", "{07F5AB21-CDBD-4B5B-94D3-6D67DEB5C434}"
	ProjectSection(ProjectDependencies) = postProject
		{39D95300-064E-4E1D-9D5B-A660AF2E51DA} = {39D95300-064E-4E1D-9D5B-A660AF2E51DA}
		{3D504025-9FB7-4932-A6BE-F1B40EEF6AF9} = {3D504025-9FB7-4932-A6BE-F1B40EEF6AF9}
		{DC6A89A0-20BA-47D4-A230-D6510D3C9583} = {DC6A89A0-20BA-47D4-A230-D6510D3C9583}
	EndProjectSection
EndProject
Project("{8BC9CEB8-8B4A-11D0-8D11-00A0C91BC942}") = "DockingTest", "SandBox\DockingTest\DockingTest.vcxproj", "{51A00795-7B56-41C2-900B-18F794F57C4D}"
	ProjectSection(ProjectDependencies) = postProject
		{07F5AB21-CDBD-4B5B-94D3-6D67DEB5C434} = {07F5AB21-CDBD-4B5B-94D3-6D67DEB5C434}
		{39D95300-064E-4E1D-9D5B-A660AF2E51DA} = {39D95300-064E-4E1D-9D5B-A660AF2E51DA}
		{3D504025-9FB7-4932-A6BE-F1B40EEF6AF9} = {3D504025-9FB7-4932-A6BE-F1B40EEF6AF9}
		{DC6A89A0-20BA-47D4-A230-D6510D3C9583} = {DC6A89A0-20BA-47D4-A230-D6510D3C9583}
	EndProjectSection
EndProject
Project("{8BC9CEB8-8B4A-11D0-8D11-00A0C91BC942}") = "SortVisualizer", "SandBox\SortVisualizer\SortVisualizer.vcxproj", "{DE7D0A18-5F20-48B7-8502-B944A7F90504}"
	ProjectSection(ProjectDependencies) = postProject
		{07F5AB21-CDBD-4B5B-94D3-6D67DEB5C434} = {07F5AB21-CDBD-4B5B-94D3-6D67DEB5C434}
		{39D95300-064E-4E1D-9D5B-A660AF2E51DA} = {39D95300-064E-4E1D-9D5B-A660AF2E51DA}
		{3D504025-9FB7-4932-A6BE-F1B40EEF6AF9} = {3D504025-9FB7-4932-A6BE-F1B40EEF6AF9}
		{DC6A89A0-20BA-47D4-A230-D6510D3C9583} = {DC6A89A0-20BA-47D4-A230-D6510D3C9583}
	EndProjectSection
EndProject
Project("{8BC9CEB8-8B4A-11D0-8D11-00A0C91BC942}") = "BadApple", "SandBox\BadApple\BadApple.vcxproj", "{5AB3210B-FD3A-40B1-A16D-82C85B06BF1E}"
	ProjectSection(ProjectDependencies) = postProject
		{07F5AB21-CDBD-4B5B-94D3-6D67DEB5C434} = {07F5AB21-CDBD-4B5B-94D3-6D67DEB5C434}
		{39D95300-064E-4E1D-9D5B-A660AF2E51DA} = {39D95300-064E-4E1D-9D5B-A660AF2E51DA}
		{3D504025-9FB7-4932-A6BE-F1B40EEF6AF9} = {3D504025-9FB7-4932-A6BE-F1B40EEF6AF9}
		{DC6A89A0-20BA-47D4-A230-D6510D3C9583} = {DC6A89A0-20BA-47D4-A230-D6510D3C9583}
	EndProjectSection
EndProject
Project("{8BC9CEB8-8B4A-11D0-8D11-00A0C91BC942}") = "ImGui", "External\ImGui\ImGui.vcxproj", "{DC6A89A0-20BA-47D4-A230-D6510D3C9583}"
EndProject
Project("{8BC9CEB8-8B4A-11D0-8D11-00A0C91BC942}") = "SimpleMath", "External\SimpleMath\SimpleMath.vcxproj", "{39D95300-064E-4E1D-9D5B-A660AF2E51DA}"
EndProject
Project("{8BC9CEB8-8B4A-11D0-8D11-00A0C91BC942}") = "Utility", "External\Utility\Utility.vcxproj", "{3D504025-9FB7-4932-A6BE-F1B40EEF6AF9}"
EndProject
Global
	GlobalSection(SolutionConfigurationPlatforms) = preSolution
		Debug|x64 = Debug|x64
		Release|x64 = Release|x64
	EndGlobalSection
	GlobalSection(ProjectConfigurationPlatforms) = postSolution
		{C83224AB-A16A-493A-BE56-DA03717D6E59}.Debug|x64.ActiveCfg = Debug|x64
		{C83224AB-A16A-493A-BE56-DA03717D6E59}.Debug|x64.Build.0 = Debug|x64
		{C83224AB-A16A-493A-BE56-DA03717D6E59}.Release|x64.ActiveCfg = Release|x64
		{C83224AB-A16A-493A-BE56-DA03717D6E59}.Release|x64.Build.0 = Release|x64
		{07F5AB21-CDBD-4B5B-94D3-6D67DEB5C434}.Debug|x64.ActiveCfg = Debug|x64
		{07F5AB21-CDBD-4B5B-94D3-6D67DEB5C434}.Debug|x64.Build.0 = Debug|x64
		{07F5AB21-CDBD-4B5B-94D3-6D67DEB5C434}.Release|x64.ActiveCfg = Release|x64
		{07F5AB21-CDBD-4B5B-94D3-6D67DEB5C434}.Release|x64.Build.0 = Release|x64
		{51A00795-7B56-41C2-900B-18F794F57C4D}.Debug|x64.ActiveCfg = Debug|x64
		{51A00795-7B56-41C2-900B-18F794F57C4D}.Debug|x64.Build.0 = Debug|x64
		{51A00795-7B56-41C2-900B-18F794F57C4D}.Release|x64.ActiveCfg = Release|x64
		{51A00795-7B56-41C2-900B-18F794F57C4D}.Release|x64.Build.0 = Release|x64
		{DE7D0A18-5F20-48B7-8502-B944A7F90504}.Debug|x64.ActiveCfg = Debug|x64
		{DE7D0A18-5F20-48B7-8502-B944A7F90504}.Debug|x64.Build.0 = Debug|x64
		{DE7D0A18-5F20-48B7-8502-B944A7F90504}.Release|x64.ActiveCfg = Release|x64
		{DE7D0A18-5F20-48B7-8502-B944A7F90504}.Release|x64.Build.0 = Release|x64
		{5AB3210B-FD3A-40B1-A16D-82C85B06BF1E}.Debug|x64.ActiveCfg = Debug|x64
		{5AB3210B-FD3A-40B1-A16D-82C85B06BF1E}.Debug|x64.Build.0 = Debug|x64
		{5AB3210B-FD3A-40B1-A16D-82C85B06BF1E}.Release|x64.ActiveCfg = Release|x64
		{5AB3210B-FD3A-40B1-A16D-82C85B06BF1E}.Release|x64.Build.0 = Release|x64
		{DC6A89A0-20BA-47D4-A230-D6510D3C9583}.Debug|x64.ActiveCfg = Debug|x64
		{DC6A89A0-20BA-47D4-A230-D6510D3C9583}.Debug|x64.Build.0 = Debug|x64
		{DC6A89A0-20BA-47D4-A230-D6510D3C9583}.Release|x64.ActiveCfg = Release|x64
		{DC6A89A0-20BA-47D4-A230-D6510D3C9583}.Release|x64.Build.0 = Release|x64
		{39D95300-064E-4E1D-9D5B-A660AF2E51DA}.Debug|x64.ActiveCfg = Debug|x64
		{39D95300-064E-4E1D-9D5B-A660AF2E51DA}.Debug|x64.Build.0 = Debug|x64
		{39D95300-064E-4E1D-9D5B-A660AF2E51DA}.Release|x64.ActiveCfg = Release|x64
		{39D95300-064E-4E1D-9D5B-A660AF2E51DA}.Release|x64.Build.0 = Release|x64
		{3D504025-9FB7-4932-A6BE-F1B40EEF6AF9}.Debug|x64.ActiveCfg = Debug|x64
		{3D504025-9FB7-4932-A6BE-F1B40EEF6AF9}.Debug|x64.Build.0 = Debug|x64
		{3D504025-9FB7-4932-A6BE-F1B40EEF6AF9}.Release|x64.ActiveCfg = Release|x64
		{3D504025-9FB7-4932-A6BE-F1B40EEF6AF9}.Release|x64.Build.0 = Release|x64
	EndGlobalSection
	GlobalSection(SolutionProperties) = preSolution
		HideSolutionNode = FALSE
	EndGlobalSection
	GlobalSection(NestedProjects) = preSolution
		{07F5AB21-CDBD-4B5B-94D3-6D67DEB5C434} = {DDB4EF12-CC4E-5E88-E6FC-71A802F4DE97}
		{DC6A89A0-20BA-47D4-A230-D6510D3C9583} = {DDB4EF12-CC4E-5E88-E6FC-71A802F4DE97}
		{39D95300-064E-4E1D-9D5B-A660AF2E51DA} = {DDB4EF12-CC4E-5E88-E6FC-71A802F4DE97}
		{3D504025-9FB7-4932-A6BE-F1B40EEF6AF9} = {DDB4EF12-CC4E-5E88-E6FC-71A802F4DE97}
	EndGlobalSection
	GlobalSection(ExtensibilityGlobals) = postSolution
		SolutionGuid = {DB373FEC-0694-4154-B038-9FF34BE993D1}
	EndGlobalSection
EndGlobal
