<?xml version="1.0" encoding="utf-8"?>
<Project ToolsVersion="4.0" xmlns="http://schemas.microsoft.com/developer/msbuild/2003">
  <ItemGroup>
    <ClCompile Include="Scripts\AnimationPlayer.cpp">
      <Filter>Scripts</Filter>
    </ClCompile>
    <ClCompile Include="Scripts\Common.cpp">
      <Filter>Scripts</Filter>
    </ClCompile>
    <ClCompile Include="Scripts\VideoProcessingJob.cpp">
      <Filter>Scripts</Filter>
    </ClCompile>
    <ClCompile Include="Scripts\Main.cpp">
      <Filter>Scripts</Filter>
    </ClCompile>
    <ClCompile Include="Scripts\QuadTree.cpp">
      <Filter>Scripts</Filter>
    </ClCompile>
    <ClCompile Include="Scripts\Mode\ImGuiWindowMode.cpp">
      <Filter>Scripts\Mode</Filter>
    </ClCompile>
    <ClCompile Include="Scripts\Mode\RectangleMode.cpp">
      <Filter>Scripts\Mode</Filter>
    </ClCompile>
    <ClCompile Include="Scripts\Mode\ImPlotMode.cpp">
      <Filter>Scripts\Mode</Filter>
    </ClCompile>
    <ClCompile Include="Scripts\Window\FPSWindow.cpp">
      <Filter>Scripts\Window</Filter>
    </ClCompile>
    <ClCompile Include="Scripts\Window\PlayerWindow.cpp">
      <Filter>Scripts\Window</Filter>
    </ClCompile>
    <ClCompile Include="Scripts\Window\StartupPopupWindow.cpp">
      <Filter>Scripts\Window</Filter>
    </ClCompile>
    <ClCompile Include="Scripts\Window\SettingWindow.cpp">
      <Filter>Scripts\Window</Filter>
    </ClCompile>
    <ClCompile Include="Scripts\Window\StatusCheckPopupWindow.cpp">
      <Filter>Scripts\Window</Filter>
    </ClCompile>
    <ClCompile Include="Scripts\Window\VideoWindow.cpp">
      <Filter>Scripts\Window</Filter>
    </ClCompile>
  </ItemGroup>
  <ItemGroup>
    <ClInclude Include="Scripts\AnimationPlayer.h">
      <Filter>Scripts</Filter>
    </ClInclude>
    <ClInclude Include="Scripts\Common.h">
      <Filter>Scripts</Filter>
    </ClInclude>
    <ClInclude Include="Scripts\Constant.h">
      <Filter>Scripts</Filter>
    </ClInclude>
    <ClInclude Include="Scripts\VideoProcessingJob.h">
      <Filter>Scripts</Filter>
    </ClInclude>
    <ClInclude Include="Scripts\QuadTree.h">
      <Filter>Scripts</Filter>
    </ClInclude>
    <ClInclude Include="Scripts\Mode\ImGuiWindowMode.h">
      <Filter>Scripts\Mode</Filter>
    </ClInclude>
    <ClInclude Include="Scripts\Mode\RectangleMode.h">
      <Filter>Scripts\Mode</Filter>
    </ClInclude>
    <ClInclude Include="Scripts\Mode\IMode.h">
      <Filter>Scripts\Mode</Filter>
    </ClInclude>
    <ClInclude Include="Scripts\Mode\ImPlotMode.h">
      <Filter>Scripts\Mode</Filter>
    </ClInclude>
    <ClInclude Include="Scripts\Window\FPSWindow.h">
      <Filter>Scripts\Window</Filter>
    </ClInclude>
    <ClInclude Include="Scripts\Window\PlayerWindow.h">
      <Filter>Scripts\Window</Filter>
    </ClInclude>
    <ClInclude Include="Scripts\Window\StartupPopupWindow.h">
      <Filter>Scripts\Window</Filter>
    </ClInclude>
    <ClInclude Include="Scripts\Window\SettingWindow.h">
      <Filter>Scripts\Window</Filter>
    </ClInclude>
    <ClInclude Include="Scripts\Window\StatusCheckPopupWindow.h">
      <Filter>Scripts\Window</Filter>
    </ClInclude>
    <ClInclude Include="Scripts\Window\VideoWindow.h">
      <Filter>Scripts\Window</Filter>
    </ClInclude>
    <ClInclude Include="Scripts\Window\IWIndow.h">
      <Filter>Scripts\Window</Filter>
    </ClInclude>
  </ItemGroup>
  <ItemGroup>
    <Filter Include="Scripts">
      <UniqueIdentifier>{41cf1871-65e1-4c5e-9481-247ea3061fed}</UniqueIdentifier>
    </Filter>
    <Filter Include="Scripts\Mode">
      <UniqueIdentifier>{04bd630c-2580-4bb4-aae0-9a7ab69dbed0}</UniqueIdentifier>
    </Filter>
    <Filter Include="Scripts\Window">
      <UniqueIdentifier>{44a9b7f8-e05b-4783-b5b9-5015d08c4603}</UniqueIdentifier>
    </Filter>
  </ItemGroup>
</Project>